# THIS IS AN AUTOGENERATED FILE. DO NOT EDIT THIS FILE DIRECTLY.
# yarn lockfile v1


lodash@^4.17.19:
  version "4.17.19"
  resolved "https://registry.yarnpkg.com/lodash/-/lodash-4.17.19.tgz#e48ddedbe30b3321783c5b4301fbd353bc1e4a4b"
  integrity sha512-JNvd8XER9GQX0v2qJgsaN/mzFCNA5BRe/j8JN9d+tWyGLSodKQHKFicdwNYzWwI3wjRnaKPsGj1XkBjx/F96DQ==

luaparse@^0.3.0:
  version "0.3.0"
  resolved "https://registry.yarnpkg.com/luaparse/-/luaparse-0.3.0.tgz#80f8d2161a636dea1fdd39e77996277337df18a1"
  integrity sha512-hrRXc3QJfZ0BfgOGgNfFaKM01zCjSP2y000WOG4jwl3s06vKzODIfqJ3QKSm64mS52ROpnRnfi756jJbDr59fw==
