# THIS IS AN AUTOGENERATED FILE. DO NOT EDIT THIS FILE DIRECTLY.
# yarn lockfile v1


lodash@^4.17.15:
  version "4.17.15"
  resolved "https://registry.yarnpkg.com/lodash/-/lodash-4.17.15.tgz#b447f6670a0455bbfeedd11392eff330ea097548"
  integrity sha512-8xOcRHvCjnocdS5cpwXQXVzmmh5e5+saE2QGoeQmbKmRS6J3VQppPOIt0MnmE+4xlZoumy0GPG0D0MVIQbNA1A==

luaparse@^0.3.0:
  version "0.3.0"
  resolved "https://registry.yarnpkg.com/luaparse/-/luaparse-0.3.0.tgz#80f8d2161a636dea1fdd39e77996277337df18a1"
  integrity sha512-hrRXc3QJfZ0BfgOGgNfFaKM01zCjSP2y000WOG4jwl3s06vKzODIfqJ3QKSm64mS52ROpnRnfi756jJbDr59fw==
